# THIS IS AN AUTOGENERATED FILE. DO NOT EDIT THIS FILE DIRECTLY.
# yarn lockfile v1


"@heroicons/react@^1.0.6":
  version "1.0.6"
  resolved "https://registry.yarnpkg.com/@heroicons/react/-/react-1.0.6.tgz#35dd26987228b39ef2316db3b1245c42eb19e324"
  integrity sha512-JJCXydOFWMDpCP4q13iEplA503MQO3xLoZiKum+955ZCtHINWnx26CUxVxxFQu/uLb4LW3ge15ZpzIkXKkJ8oQ==

react-date-object@^2.1.5:
  version "2.1.5"
  resolved "https://registry.yarnpkg.com/react-date-object/-/react-date-object-2.1.5.tgz#9f139cf0fbd9b8033cc18699be2ea14a772dbd73"
  integrity sha512-iAtF2nz+jZjy3w36qKx2MsxXqbiL7UgGljz9jPjLWxWCl4rDTZUMS/i7hKKiVbL1lJlmubz1Xu6W3i6CW06kTg==

react-element-popper@^2.1.6:
  version "2.1.6"
  resolved "https://registry.yarnpkg.com/react-element-popper/-/react-element-popper-2.1.6.tgz#4afb912287d57de5d442fb85e76f4d7b94fde879"
  integrity sha512-8va7mUmrKIkUnaM2t5Dyctd8cjgVgVcrv5vVD0FRay0sN6EPBCKa0bDi1/KmVDAjfgSIn7zQnjtc4VojcGrkgQ==

react-hook-form@^7.31.1:
  version "7.31.1"
  resolved "https://registry.yarnpkg.com/react-hook-form/-/react-hook-form-7.31.1.tgz#16c357dd366bc226172e6acbb5a1672873bbfb28"
  integrity sha512-QjtjZ8r8KtEBWWpcXLyQordCraTFxILtyQpaz5KLLxN2YzcC+FZ9LLtOnNGuOnzZo9gCoB+viK3ZHV9Mb2htmQ==

react-multi-date-picker@^3.3.0:
  version "3.3.0"
  resolved "https://registry.yarnpkg.com/react-multi-date-picker/-/react-multi-date-picker-3.3.0.tgz#89036a1bf013fc65bc12dda640d5a979a640b453"
  integrity sha512-xAounECAkPUSnwmGCXlLevRLS9lt6IrGzD1VUJKZPbuzauwxaJLZ0mW6vnGUjui60qBY/uQeEmJftq+pEq5HgQ==
  dependencies:
    react-date-object "^2.1.5"
    react-element-popper "^2.1.6"
