# THIS IS AN AUTOGENERATED FILE. DO NOT EDIT THIS FILE DIRECTLY.
# yarn lockfile v1


react-hook-form@^7.31.1:
  version "7.31.1"
  resolved "https://registry.yarnpkg.com/react-hook-form/-/react-hook-form-7.31.1.tgz#16c357dd366bc226172e6acbb5a1672873bbfb28"
  integrity sha512-QjtjZ8r8KtEBWWpcXLyQordCraTFxILtyQpaz5KLLxN2YzcC+FZ9LLtOnNGuOnzZo9gCoB+viK3ZHV9Mb2htmQ==
